
Microsoft Visual Studio Solution File, Format Version 12.00
# Visual Studio Version 16
VisualStudioVersion = 16.0.31112.23
MinimumVisualStudioVersion = 10.0.40219.1
Project("{9A19103F-16F7-4668-BE54-9A1E7A4F7556}") = "CoreWebAPIV1", "CoreWebAPIV1\CoreWebAPIV1.csproj", "{31F45718-800E-42AC-9AAC-C2FA91DCEDD6}"
EndProject
Global
	GlobalSection(SolutionConfigurationPlatforms) = preSolution
		Debug|Any CPU = Debug|Any CPU
		Release|Any CPU = Release|Any CPU
	EndGlobalSection
	GlobalSection(ProjectConfigurationPlatforms) = postSolution
		{31F45718-800E-42AC-9AAC-C2FA91DCEDD6}.Debug|Any CPU.ActiveCfg = Debug|Any CPU
		{31F45718-800E-42AC-9AAC-C2FA91DCEDD6}.Debug|Any CPU.Build.0 = Debug|Any CPU
		{31F45718-800E-42AC-9AAC-C2FA91DCEDD6}.Release|Any CPU.ActiveCfg = Release|Any CPU
		{31F45718-800E-42AC-9AAC-C2FA91DCEDD6}.Release|Any CPU.Build.0 = Release|Any CPU
	EndGlobalSection
	GlobalSection(SolutionProperties) = preSolution
		HideSolutionNode = FALSE
	EndGlobalSection
	GlobalSection(ExtensibilityGlobals) = postSolution
		SolutionGuid = {58E807D3-2BA3-4A0A-AD7C-388FBD765D69}
	EndGlobalSection
EndGlobal
